<?xml version="1.0" encoding="utf-8"?>
<Project ToolsVersion="17.0" xmlns="http://schemas.microsoft.com/developer/msbuild/2003">
  <ItemGroup>
    <ClCompile Include="C:\Users\XOMA\source\repos\Laba1.2Liza\Res2\Laba2.cpp">
      <Filter>Source Files</Filter>
    </ClCompile>
  </ItemGroup>
  <ItemGroup>
    <CustomBuild Include="C:\Users\XOMA\source\repos\Laba1.2Liza\Res2\CMakeLists.txt" />
  </ItemGroup>
  <ItemGroup>
    <Filter Include="Source Files">
      <UniqueIdentifier>{C7FBACD4-4403-343F-BC78-56FE740E2373}</UniqueIdentifier>
    </Filter>
  </ItemGroup>
</Project>
